---
path: ".gem_rbs_collection"
gems:
- name: addressable
  version: '2.8'
  source:
    type: git
    name: ruby/gem_rbs_collection
    revision: f1d2dae32fe8d46683fbc79bbd0f1ca391d5e11a
    remote: https://github.com/ruby/gem_rbs_collection.git
    repo_dir: gems
- name: base64
  version: 0.3.0
  source:
    type: rubygems
- name: bigdecimal
  version: '3.1'
  source:
    type: git
    name: ruby/gem_rbs_collection
    revision: f1d2dae32fe8d46683fbc79bbd0f1ca391d5e11a
    remote: https://github.com/ruby/gem_rbs_collection.git
    repo_dir: gems
- name: concurrent-ruby
  version: '1.1'
  source:
    type: git
    name: ruby/gem_rbs_collection
    revision: f1d2dae32fe8d46683fbc79bbd0f1ca391d5e11a
    remote: https://github.com/ruby/gem_rbs_collection.git
    repo_dir: gems
- name: diff-lcs
  version: '1.5'
  source:
    type: git
    name: ruby/gem_rbs_collection
    revision: f1d2dae32fe8d46683fbc79bbd0f1ca391d5e11a
    remote: https://github.com/ruby/gem_rbs_collection.git
    repo_dir: gems
- name: faraday
  version: '2.7'
  source:
    type: git
    name: ruby/gem_rbs_collection
    revision: f1d2dae32fe8d46683fbc79bbd0f1ca391d5e11a
    remote: https://github.com/ruby/gem_rbs_collection.git
    repo_dir: gems
- name: fileutils
  version: '0'
  source:
    type: stdlib
- name: forwardable
  version: '0'
  source:
    type: stdlib
- name: google-cloud-errors
  version: '1.5'
  source:
    type: git
    name: ruby/gem_rbs_collection
    revision: f1d2dae32fe8d46683fbc79bbd0f1ca391d5e11a
    remote: https://github.com/ruby/gem_rbs_collection.git
    repo_dir: gems
- name: google-cloud-firestore
  version: '2.15'
  source:
    type: git
    name: ruby/gem_rbs_collection
    revision: f1d2dae32fe8d46683fbc79bbd0f1ca391d5e11a
    remote: https://github.com/ruby/gem_rbs_collection.git
    repo_dir: gems
- name: google-protobuf
  version: '3.22'
  source:
    type: git
    name: ruby/gem_rbs_collection
    revision: f1d2dae32fe8d46683fbc79bbd0f1ca391d5e11a
    remote: https://github.com/ruby/gem_rbs_collection.git
    repo_dir: gems
- name: googleauth
  version: '1.11'
  source:
    type: git
    name: ruby/gem_rbs_collection
    revision: f1d2dae32fe8d46683fbc79bbd0f1ca391d5e11a
    remote: https://github.com/ruby/gem_rbs_collection.git
    repo_dir: gems
- name: grpc
  version: '1.63'
  source:
    type: git
    name: ruby/gem_rbs_collection
    revision: f1d2dae32fe8d46683fbc79bbd0f1ca391d5e11a
    remote: https://github.com/ruby/gem_rbs_collection.git
    repo_dir: gems
- name: json
  version: '0'
  source:
    type: stdlib
- name: jwt
  version: '2.5'
  source:
    type: git
    name: ruby/gem_rbs_collection
    revision: f1d2dae32fe8d46683fbc79bbd0f1ca391d5e11a
    remote: https://github.com/ruby/gem_rbs_collection.git
    repo_dir: gems
- name: logger
  version: '0'
  source:
    type: stdlib
- name: monitor
  version: '0'
  source:
    type: stdlib
- name: net-http
  version: '0'
  source:
    type: stdlib
- name: net-protocol
  version: '0'
  source:
    type: stdlib
- name: rake
  version: '13.0'
  source:
    type: git
    name: ruby/gem_rbs_collection
    revision: f1d2dae32fe8d46683fbc79bbd0f1ca391d5e11a
    remote: https://github.com/ruby/gem_rbs_collection.git
    repo_dir: gems
- name: signet
  version: '0.19'
  source:
    type: git
    name: ruby/gem_rbs_collection
    revision: f1d2dae32fe8d46683fbc79bbd0f1ca391d5e11a
    remote: https://github.com/ruby/gem_rbs_collection.git
    repo_dir: gems
- name: time
  version: '0'
  source:
    type: stdlib
- name: timeout
  version: '0'
  source:
    type: stdlib
- name: uri
  version: '0'
  source:
    type: stdlib
gemfile_lock_path: Gemfile.lock
